Microsoft Visual Studio Solution File, Format Version 11.00
# Visual Studio 2008

Project("{DDC6C0E0-EE85-610C-DBBE-82874DB0FFBF}") = "projectX1", "Assembly-CSharp-firstpass.csproj", "{A3270F3E-CB8F-56AF-E340-443796AAD60F}"
EndProject
Project("{DDC6C0E0-EE85-610C-DBBE-82874DB0FFBF}") = "projectX1", "Assembly-CSharp.csproj", "{950BC9E5-9B34-01C3-BC3B-2AF39E643486}"
EndProject
Global
	GlobalSection(SolutionConfigurationPlatforms) = preSolution
		Debug|Any CPU = Debug|Any CPU
		Release|Any CPU = Release|Any CPU
	EndGlobalSection
	GlobalSection(ProjectConfigurationPlatforms) = postSolution
		{A3270F3E-CB8F-56AF-E340-443796AAD60F}.Debug|Any CPU.ActiveCfg = Debug|Any CPU
		{A3270F3E-CB8F-56AF-E340-443796AAD60F}.Debug|Any CPU.Build.0 = Debug|Any CPU
		{A3270F3E-CB8F-56AF-E340-443796AAD60F}.Release|Any CPU.ActiveCfg = Release|Any CPU
		{A3270F3E-CB8F-56AF-E340-443796AAD60F}.Release|Any CPU.Build.0 = Release|Any CPU
		{950BC9E5-9B34-01C3-BC3B-2AF39E643486}.Debug|Any CPU.ActiveCfg = Debug|Any CPU
		{950BC9E5-9B34-01C3-BC3B-2AF39E643486}.Debug|Any CPU.Build.0 = Debug|Any CPU
		{950BC9E5-9B34-01C3-BC3B-2AF39E643486}.Release|Any CPU.ActiveCfg = Release|Any CPU
		{950BC9E5-9B34-01C3-BC3B-2AF39E643486}.Release|Any CPU.Build.0 = Release|Any CPU
	EndGlobalSection
	GlobalSection(SolutionProperties) = preSolution
		HideSolutionNode = FALSE
	EndGlobalSection
	GlobalSection(MonoDevelopProperties) = preSolution
		StartupItem = Assembly-CSharp.csproj
	EndGlobalSection
EndGlobal
